// !$*UTF8*$!
{
	archiveVersion = 1;
	classes = {
	};
	objectVersion = 46;
	objects = {

/* Begin PBXBuildFile section */
		190AC53516A723030034BC88 /* TicketController.m in Sources */ = {isa = PBXBuildFile; fileRef = 190AC53416A723030034BC88 /* TicketController.m */; };
		190E9954166FF05B006FDF0D /* EWSDataController.m in Sources */ = {isa = PBXBuildFile; fileRef = 190E9953166FF05B006FDF0D /* EWSDataController.m */; };
		190E9960166FF5E7006FDF0D /* Lab.m in Sources */ = {isa = PBXBuildFile; fileRef = 190E995F166FF5E7006FDF0D /* Lab.m */; };
		190E998F167009D6006FDF0D /* NSObject+SBJson.m in Sources */ = {isa = PBXBuildFile; fileRef = 190E9977167009D6006FDF0D /* NSObject+SBJson.m */; };
		190E9990167009D6006FDF0D /* SBJsonParser.m in Sources */ = {isa = PBXBuildFile; fileRef = 190E997A167009D6006FDF0D /* SBJsonParser.m */; };
		190E9991167009D6006FDF0D /* SBJsonStreamParser.m in Sources */ = {isa = PBXBuildFile; fileRef = 190E997C167009D6006FDF0D /* SBJsonStreamParser.m */; };
		190E9992167009D6006FDF0D /* SBJsonStreamParserAccumulator.m in Sources */ = {isa = PBXBuildFile; fileRef = 190E997E167009D6006FDF0D /* SBJsonStreamParserAccumulator.m */; };
		190E9993167009D6006FDF0D /* SBJsonStreamParserAdapter.m in Sources */ = {isa = PBXBuildFile; fileRef = 190E9980167009D6006FDF0D /* SBJsonStreamParserAdapter.m */; };
		190E9994167009D6006FDF0D /* SBJsonStreamParserState.m in Sources */ = {isa = PBXBuildFile; fileRef = 190E9982167009D6006FDF0D /* SBJsonStreamParserState.m */; };
		190E9995167009D6006FDF0D /* SBJsonStreamWriter.m in Sources */ = {isa = PBXBuildFile; fileRef = 190E9984167009D6006FDF0D /* SBJsonStreamWriter.m */; };
		190E9996167009D6006FDF0D /* SBJsonStreamWriterAccumulator.m in Sources */ = {isa = PBXBuildFile; fileRef = 190E9986167009D6006FDF0D /* SBJsonStreamWriterAccumulator.m */; };
		190E9997167009D6006FDF0D /* SBJsonStreamWriterState.m in Sources */ = {isa = PBXBuildFile; fileRef = 190E9988167009D6006FDF0D /* SBJsonStreamWriterState.m */; };
		190E9998167009D6006FDF0D /* SBJsonTokeniser.m in Sources */ = {isa = PBXBuildFile; fileRef = 190E998A167009D6006FDF0D /* SBJsonTokeniser.m */; };
		190E9999167009D6006FDF0D /* SBJsonUTF8Stream.m in Sources */ = {isa = PBXBuildFile; fileRef = 190E998C167009D6006FDF0D /* SBJsonUTF8Stream.m */; };
		190E999A167009D6006FDF0D /* SBJsonWriter.m in Sources */ = {isa = PBXBuildFile; fileRef = 190E998E167009D6006FDF0D /* SBJsonWriter.m */; };
		19176DB916A5314400423E48 /* NotificationViewController.m in Sources */ = {isa = PBXBuildFile; fileRef = 19176DB816A5314400423E48 /* NotificationViewController.m */; };
		1918F66F16AF25E400D1B52B /* arrow.png in Resources */ = {isa = PBXBuildFile; fileRef = 1918F66E16AF25E400D1B52B /* arrow.png */; };
		192B3F471690E0BA00E70BAC /* EWSDetailLabMapViewController.m in Sources */ = {isa = PBXBuildFile; fileRef = 192B3F461690E0BA00E70BAC /* EWSDetailLabMapViewController.m */; };
		193D0AD41681AA0200C6B428 /* PullRefreshTableViewController.m in Sources */ = {isa = PBXBuildFile; fileRef = 193D0AD31681AA0200C6B428 /* PullRefreshTableViewController.m */; };
		1957E476168FDE4B00DC1824 /* EWSLabDetailViewController.m in Sources */ = {isa = PBXBuildFile; fileRef = 1957E475168FDE4B00DC1824 /* EWSLabDetailViewController.m */; };
		1957E479168FE3E300DC1824 /* MapKit.framework in Frameworks */ = {isa = PBXBuildFile; fileRef = 1957E478168FE3E300DC1824 /* MapKit.framework */; };
		1957E47C168FFB1D00DC1824 /* LabMKAnnotation.m in Sources */ = {isa = PBXBuildFile; fileRef = 1957E47B168FFB1D00DC1824 /* LabMKAnnotation.m */; };
		1957E47E169011E300DC1824 /* CoreLocation.framework in Frameworks */ = {isa = PBXBuildFile; fileRef = 1957E47D169011E300DC1824 /* CoreLocation.framework */; };
		1959BA8A166F1ED800C79F98 /* UIKit.framework in Frameworks */ = {isa = PBXBuildFile; fileRef = 1959BA89166F1ED800C79F98 /* UIKit.framework */; };
		1959BA8C166F1ED800C79F98 /* Foundation.framework in Frameworks */ = {isa = PBXBuildFile; fileRef = 1959BA8B166F1ED800C79F98 /* Foundation.framework */; };
		1959BA8E166F1ED800C79F98 /* CoreGraphics.framework in Frameworks */ = {isa = PBXBuildFile; fileRef = 1959BA8D166F1ED800C79F98 /* CoreGraphics.framework */; };
		1959BA94166F1ED800C79F98 /* InfoPlist.strings in Resources */ = {isa = PBXBuildFile; fileRef = 1959BA92166F1ED800C79F98 /* InfoPlist.strings */; };
		1959BA96166F1ED800C79F98 /* main.m in Sources */ = {isa = PBXBuildFile; fileRef = 1959BA95166F1ED800C79F98 /* main.m */; };
		1959BA9A166F1ED800C79F98 /* EWSAppDelegate.m in Sources */ = {isa = PBXBuildFile; fileRef = 1959BA99166F1ED800C79F98 /* EWSAppDelegate.m */; };
		1959BA9C166F1ED800C79F98 /* Default.png in Resources */ = {isa = PBXBuildFile; fileRef = 1959BA9B166F1ED800C79F98 /* Default.png */; };
		1959BA9E166F1ED800C79F98 /* Default@2x.png in Resources */ = {isa = PBXBuildFile; fileRef = 1959BA9D166F1ED800C79F98 /* Default@2x.png */; };
		1959BAA0166F1ED900C79F98 /* Default-568h@2x.png in Resources */ = {isa = PBXBuildFile; fileRef = 1959BA9F166F1ED900C79F98 /* Default-568h@2x.png */; };
		1959BAA9166F1F0D00C79F98 /* MainStoryboard.storyboard in Resources */ = {isa = PBXBuildFile; fileRef = 1959BAA8166F1F0D00C79F98 /* MainStoryboard.storyboard */; };
		1959BAB0166F1FF600C79F98 /* EWSViewController.m in Sources */ = {isa = PBXBuildFile; fileRef = 1959BAAF166F1FF600C79F98 /* EWSViewController.m */; };
		196EA91316921F2500D19A86 /* detail_tux@2x.png in Resources */ = {isa = PBXBuildFile; fileRef = 196EA91216921F2500D19A86 /* detail_tux@2x.png */; };
		196EA9151692209400D19A86 /* dual_screen_icon.png in Resources */ = {isa = PBXBuildFile; fileRef = 196EA9141692209400D19A86 /* dual_screen_icon.png */; };
		19A06C2216A5E6BE00C63A04 /* EWSCustomLocalNotification.m in Sources */ = {isa = PBXBuildFile; fileRef = 19A06C2116A5E6BE00C63A04 /* EWSCustomLocalNotification.m */; };
		19CDED3516A6046700824A18 /* LocalNotificationTicket.m in Sources */ = {isa = PBXBuildFile; fileRef = 19CDED3416A6046700824A18 /* LocalNotificationTicket.m */; };
		19EC82AD167270C800BB6C77 /* QuartzCore.framework in Frameworks */ = {isa = PBXBuildFile; fileRef = 19EC82AC167270C800BB6C77 /* QuartzCore.framework */; };
		19EEAAC8167B1A2B000E4F6D /* EWSCustomCell.m in Sources */ = {isa = PBXBuildFile; fileRef = 19EEAAC7167B1A2B000E4F6D /* EWSCustomCell.m */; };
		19EFA388169A047300D1309D /* ASIAuthenticationDialog.m in Sources */ = {isa = PBXBuildFile; fileRef = 19EFA375169A047300D1309D /* ASIAuthenticationDialog.m */; settings = {COMPILER_FLAGS = "-fno-objc-arc"; }; };
		19EFA389169A047300D1309D /* ASIDataCompressor.m in Sources */ = {isa = PBXBuildFile; fileRef = 19EFA378169A047300D1309D /* ASIDataCompressor.m */; settings = {COMPILER_FLAGS = "-fno-objc-arc"; }; };
		19EFA38A169A047300D1309D /* ASIDataDecompressor.m in Sources */ = {isa = PBXBuildFile; fileRef = 19EFA37A169A047300D1309D /* ASIDataDecompressor.m */; settings = {COMPILER_FLAGS = "-fno-objc-arc"; }; };
		19EFA38B169A047300D1309D /* ASIDownloadCache.m in Sources */ = {isa = PBXBuildFile; fileRef = 19EFA37C169A047300D1309D /* ASIDownloadCache.m */; settings = {COMPILER_FLAGS = "-fno-objc-arc"; }; };
		19EFA38C169A047300D1309D /* ASIFormDataRequest.m in Sources */ = {isa = PBXBuildFile; fileRef = 19EFA37E169A047300D1309D /* ASIFormDataRequest.m */; settings = {COMPILER_FLAGS = "-fno-objc-arc"; }; };
		19EFA38D169A047300D1309D /* ASIHTTPRequest.m in Sources */ = {isa = PBXBuildFile; fileRef = 19EFA380169A047300D1309D /* ASIHTTPRequest.m */; settings = {COMPILER_FLAGS = "-fno-objc-arc"; }; };
		19EFA38E169A047300D1309D /* ASIInputStream.m in Sources */ = {isa = PBXBuildFile; fileRef = 19EFA384169A047300D1309D /* ASIInputStream.m */; settings = {COMPILER_FLAGS = "-fno-objc-arc"; }; };
		19EFA38F169A047300D1309D /* ASINetworkQueue.m in Sources */ = {isa = PBXBuildFile; fileRef = 19EFA386169A047300D1309D /* ASINetworkQueue.m */; settings = {COMPILER_FLAGS = "-fno-objc-arc"; }; };
		19EFA393169A04C900D1309D /* Reachability.m in Sources */ = {isa = PBXBuildFile; fileRef = 19EFA392169A04C900D1309D /* Reachability.m */; settings = {COMPILER_FLAGS = "-fno-objc-arc"; }; };
		19EFA395169A05A700D1309D /* CFNetwork.framework in Frameworks */ = {isa = PBXBuildFile; fileRef = 19EFA394169A05A700D1309D /* CFNetwork.framework */; };
		19EFA397169A05DB00D1309D /* SystemConfiguration.framework in Frameworks */ = {isa = PBXBuildFile; fileRef = 19EFA396169A05DB00D1309D /* SystemConfiguration.framework */; };
		19EFA399169A05E500D1309D /* libz.dylib in Frameworks */ = {isa = PBXBuildFile; fileRef = 19EFA398169A05E500D1309D /* libz.dylib */; };
		19EFA39B169A05ED00D1309D /* MobileCoreServices.framework in Frameworks */ = {isa = PBXBuildFile; fileRef = 19EFA39A169A05ED00D1309D /* MobileCoreServices.framework */; };
		19EFA39F169A08D600D1309D /* MBProgressHUD.m in Sources */ = {isa = PBXBuildFile; fileRef = 19EFA39E169A08D600D1309D /* MBProgressHUD.m */; };
		19F43BF916BE248700C33CDE /* paper_fibers_@2X.png in Resources */ = {isa = PBXBuildFile; fileRef = 19F43BF716BE248700C33CDE /* paper_fibers_@2X.png */; };
		19F43BFA16BE248700C33CDE /* paper_fibers.png in Resources */ = {isa = PBXBuildFile; fileRef = 19F43BF816BE248700C33CDE /* paper_fibers.png */; };
		19F43BFD16BE476600C33CDE /* solid_@2X.png in Resources */ = {isa = PBXBuildFile; fileRef = 19F43BFB16BE476600C33CDE /* solid_@2X.png */; };
		19F43BFE16BE476600C33CDE /* solid.png in Resources */ = {isa = PBXBuildFile; fileRef = 19F43BFC16BE476600C33CDE /* solid.png */; };
		19F86A75168B6380009B1B30 /* lab_info.plist in Resources */ = {isa = PBXBuildFile; fileRef = 19F86A74168B6380009B1B30 /* lab_info.plist */; };
/* End PBXBuildFile section */

/* Begin PBXFileReference section */
		190AC53316A723030034BC88 /* TicketController.h */ = {isa = PBXFileReference; fileEncoding = 4; lastKnownFileType = sourcecode.c.h; path = TicketController.h; sourceTree = "<group>"; };
		190AC53416A723030034BC88 /* TicketController.m */ = {isa = PBXFileReference; fileEncoding = 4; lastKnownFileType = sourcecode.c.objc; path = TicketController.m; sourceTree = "<group>"; };
		190E9952166FF05B006FDF0D /* EWSDataController.h */ = {isa = PBXFileReference; fileEncoding = 4; lastKnownFileType = sourcecode.c.h; path = EWSDataController.h; sourceTree = "<group>"; };
		190E9953166FF05B006FDF0D /* EWSDataController.m */ = {isa = PBXFileReference; fileEncoding = 4; lastKnownFileType = sourcecode.c.objc; path = EWSDataController.m; sourceTree = "<group>"; };
		190E995E166FF5E7006FDF0D /* Lab.h */ = {isa = PBXFileReference; fileEncoding = 4; lastKnownFileType = sourcecode.c.h; path = Lab.h; sourceTree = "<group>"; };
		190E995F166FF5E7006FDF0D /* Lab.m */ = {isa = PBXFileReference; fileEncoding = 4; lastKnownFileType = sourcecode.c.objc; path = Lab.m; sourceTree = "<group>"; };
		190E9976167009D6006FDF0D /* NSObject+SBJson.h */ = {isa = PBXFileReference; fileEncoding = 4; lastKnownFileType = sourcecode.c.h; name = "NSObject+SBJson.h"; path = "../../Libraries/json-framework/Classes/NSObject+SBJson.h"; sourceTree = "<group>"; };
		190E9977167009D6006FDF0D /* NSObject+SBJson.m */ = {isa = PBXFileReference; fileEncoding = 4; lastKnownFileType = sourcecode.c.objc; name = "NSObject+SBJson.m"; path = "../../Libraries/json-framework/Classes/NSObject+SBJson.m"; sourceTree = "<group>"; };
		190E9978167009D6006FDF0D /* SBJson.h */ = {isa = PBXFileReference; fileEncoding = 4; lastKnownFileType = sourcecode.c.h; name = SBJson.h; path = "../../Libraries/json-framework/Classes/SBJson.h"; sourceTree = "<group>"; };
		190E9979167009D6006FDF0D /* SBJsonParser.h */ = {isa = PBXFileReference; fileEncoding = 4; lastKnownFileType = sourcecode.c.h; name = SBJsonParser.h; path = "../../Libraries/json-framework/Classes/SBJsonParser.h"; sourceTree = "<group>"; };
		190E997A167009D6006FDF0D /* SBJsonParser.m */ = {isa = PBXFileReference; fileEncoding = 4; lastKnownFileType = sourcecode.c.objc; name = SBJsonParser.m; path = "../../Libraries/json-framework/Classes/SBJsonParser.m"; sourceTree = "<group>"; };
		190E997B167009D6006FDF0D /* SBJsonStreamParser.h */ = {isa = PBXFileReference; fileEncoding = 4; lastKnownFileType = sourcecode.c.h; name = SBJsonStreamParser.h; path = "../../Libraries/json-framework/Classes/SBJsonStreamParser.h"; sourceTree = "<group>"; };
		190E997C167009D6006FDF0D /* SBJsonStreamParser.m */ = {isa = PBXFileReference; fileEncoding = 4; lastKnownFileType = sourcecode.c.objc; name = SBJsonStreamParser.m; path = "../../Libraries/json-framework/Classes/SBJsonStreamParser.m"; sourceTree = "<group>"; };
		190E997D167009D6006FDF0D /* SBJsonStreamParserAccumulator.h */ = {isa = PBXFileReference; fileEncoding = 4; lastKnownFileType = sourcecode.c.h; name = SBJsonStreamParserAccumulator.h; path = "../../Libraries/json-framework/Classes/SBJsonStreamParserAccumulator.h"; sourceTree = "<group>"; };
		190E997E167009D6006FDF0D /* SBJsonStreamParserAccumulator.m */ = {isa = PBXFileReference; fileEncoding = 4; lastKnownFileType = sourcecode.c.objc; name = SBJsonStreamParserAccumulator.m; path = "../../Libraries/json-framework/Classes/SBJsonStreamParserAccumulator.m"; sourceTree = "<group>"; };
		190E997F167009D6006FDF0D /* SBJsonStreamParserAdapter.h */ = {isa = PBXFileReference; fileEncoding = 4; lastKnownFileType = sourcecode.c.h; name = SBJsonStreamParserAdapter.h; path = "../../Libraries/json-framework/Classes/SBJsonStreamParserAdapter.h"; sourceTree = "<group>"; };
		190E9980167009D6006FDF0D /* SBJsonStreamParserAdapter.m */ = {isa = PBXFileReference; fileEncoding = 4; lastKnownFileType = sourcecode.c.objc; name = SBJsonStreamParserAdapter.m; path = "../../Libraries/json-framework/Classes/SBJsonStreamParserAdapter.m"; sourceTree = "<group>"; };
		190E9981167009D6006FDF0D /* SBJsonStreamParserState.h */ = {isa = PBXFileReference; fileEncoding = 4; lastKnownFileType = sourcecode.c.h; name = SBJsonStreamParserState.h; path = "../../Libraries/json-framework/Classes/SBJsonStreamParserState.h"; sourceTree = "<group>"; };
		190E9982167009D6006FDF0D /* SBJsonStreamParserState.m */ = {isa = PBXFileReference; fileEncoding = 4; lastKnownFileType = sourcecode.c.objc; name = SBJsonStreamParserState.m; path = "../../Libraries/json-framework/Classes/SBJsonStreamParserState.m"; sourceTree = "<group>"; };
		190E9983167009D6006FDF0D /* SBJsonStreamWriter.h */ = {isa = PBXFileReference; fileEncoding = 4; lastKnownFileType = sourcecode.c.h; name = SBJsonStreamWriter.h; path = "../../Libraries/json-framework/Classes/SBJsonStreamWriter.h"; sourceTree = "<group>"; };
		190E9984167009D6006FDF0D /* SBJsonStreamWriter.m */ = {isa = PBXFileReference; fileEncoding = 4; lastKnownFileType = sourcecode.c.objc; name = SBJsonStreamWriter.m; path = "../../Libraries/json-framework/Classes/SBJsonStreamWriter.m"; sourceTree = "<group>"; };
		190E9985167009D6006FDF0D /* SBJsonStreamWriterAccumulator.h */ = {isa = PBXFileReference; fileEncoding = 4; lastKnownFileType = sourcecode.c.h; name = SBJsonStreamWriterAccumulator.h; path = "../../Libraries/json-framework/Classes/SBJsonStreamWriterAccumulator.h"; sourceTree = "<group>"; };
		190E9986167009D6006FDF0D /* SBJsonStreamWriterAccumulator.m */ = {isa = PBXFileReference; fileEncoding = 4; lastKnownFileType = sourcecode.c.objc; name = SBJsonStreamWriterAccumulator.m; path = "../../Libraries/json-framework/Classes/SBJsonStreamWriterAccumulator.m"; sourceTree = "<group>"; };
		190E9987167009D6006FDF0D /* SBJsonStreamWriterState.h */ = {isa = PBXFileReference; fileEncoding = 4; lastKnownFileType = sourcecode.c.h; name = SBJsonStreamWriterState.h; path = "../../Libraries/json-framework/Classes/SBJsonStreamWriterState.h"; sourceTree = "<group>"; };
		190E9988167009D6006FDF0D /* SBJsonStreamWriterState.m */ = {isa = PBXFileReference; fileEncoding = 4; lastKnownFileType = sourcecode.c.objc; name = SBJsonStreamWriterState.m; path = "../../Libraries/json-framework/Classes/SBJsonStreamWriterState.m"; sourceTree = "<group>"; };
		190E9989167009D6006FDF0D /* SBJsonTokeniser.h */ = {isa = PBXFileReference; fileEncoding = 4; lastKnownFileType = sourcecode.c.h; name = SBJsonTokeniser.h; path = "../../Libraries/json-framework/Classes/SBJsonTokeniser.h"; sourceTree = "<group>"; };
		190E998A167009D6006FDF0D /* SBJsonTokeniser.m */ = {isa = PBXFileReference; fileEncoding = 4; lastKnownFileType = sourcecode.c.objc; name = SBJsonTokeniser.m; path = "../../Libraries/json-framework/Classes/SBJsonTokeniser.m"; sourceTree = "<group>"; };
		190E998B167009D6006FDF0D /* SBJsonUTF8Stream.h */ = {isa = PBXFileReference; fileEncoding = 4; lastKnownFileType = sourcecode.c.h; name = SBJsonUTF8Stream.h; path = "../../Libraries/json-framework/Classes/SBJsonUTF8Stream.h"; sourceTree = "<group>"; };
		190E998C167009D6006FDF0D /* SBJsonUTF8Stream.m */ = {isa = PBXFileReference; fileEncoding = 4; lastKnownFileType = sourcecode.c.objc; name = SBJsonUTF8Stream.m; path = "../../Libraries/json-framework/Classes/SBJsonUTF8Stream.m"; sourceTree = "<group>"; };
		190E998D167009D6006FDF0D /* SBJsonWriter.h */ = {isa = PBXFileReference; fileEncoding = 4; lastKnownFileType = sourcecode.c.h; name = SBJsonWriter.h; path = "../../Libraries/json-framework/Classes/SBJsonWriter.h"; sourceTree = "<group>"; };
		190E998E167009D6006FDF0D /* SBJsonWriter.m */ = {isa = PBXFileReference; fileEncoding = 4; lastKnownFileType = sourcecode.c.objc; name = SBJsonWriter.m; path = "../../Libraries/json-framework/Classes/SBJsonWriter.m"; sourceTree = "<group>"; };
		19176DB716A5314400423E48 /* NotificationViewController.h */ = {isa = PBXFileReference; fileEncoding = 4; lastKnownFileType = sourcecode.c.h; name = NotificationViewController.h; path = /Users/jaychae/Developers/iOS/EWS/EWS/NotificationViewController.h; sourceTree = "<absolute>"; };
		19176DB816A5314400423E48 /* NotificationViewController.m */ = {isa = PBXFileReference; fileEncoding = 4; lastKnownFileType = sourcecode.c.objc; name = NotificationViewController.m; path = /Users/jaychae/Developers/iOS/EWS/EWS/NotificationViewController.m; sourceTree = "<absolute>"; };
		1918F66E16AF25E400D1B52B /* arrow.png */ = {isa = PBXFileReference; lastKnownFileType = image.png; name = arrow.png; path = ../../Libraries/PullToRefresh/arrow.png; sourceTree = "<group>"; };
		192B3F451690E0BA00E70BAC /* EWSDetailLabMapViewController.h */ = {isa = PBXFileReference; fileEncoding = 4; lastKnownFileType = sourcecode.c.h; path = EWSDetailLabMapViewController.h; sourceTree = "<group>"; };
		192B3F461690E0BA00E70BAC /* EWSDetailLabMapViewController.m */ = {isa = PBXFileReference; fileEncoding = 4; lastKnownFileType = sourcecode.c.objc; path = EWSDetailLabMapViewController.m; sourceTree = "<group>"; };
		193D0AD21681AA0200C6B428 /* PullRefreshTableViewController.h */ = {isa = PBXFileReference; fileEncoding = 4; lastKnownFileType = sourcecode.c.h; name = PullRefreshTableViewController.h; path = ../../Libraries/PullToRefresh/Classes/PullRefreshTableViewController.h; sourceTree = "<group>"; };
		193D0AD31681AA0200C6B428 /* PullRefreshTableViewController.m */ = {isa = PBXFileReference; fileEncoding = 4; lastKnownFileType = sourcecode.c.objc; name = PullRefreshTableViewController.m; path = ../../Libraries/PullToRefresh/Classes/PullRefreshTableViewController.m; sourceTree = "<group>"; };
		1957E474168FDE4B00DC1824 /* EWSLabDetailViewController.h */ = {isa = PBXFileReference; fileEncoding = 4; lastKnownFileType = sourcecode.c.h; name = EWSLabDetailViewController.h; path = /Users/jaychae/Developers/iOS/EWS/EWS/EWSLabDetailViewController.h; sourceTree = "<absolute>"; };
		1957E475168FDE4B00DC1824 /* EWSLabDetailViewController.m */ = {isa = PBXFileReference; fileEncoding = 4; lastKnownFileType = sourcecode.c.objc; name = EWSLabDetailViewController.m; path = /Users/jaychae/Developers/iOS/EWS/EWS/EWSLabDetailViewController.m; sourceTree = "<absolute>"; };
		1957E478168FE3E300DC1824 /* MapKit.framework */ = {isa = PBXFileReference; lastKnownFileType = wrapper.framework; name = MapKit.framework; path = System/Library/Frameworks/MapKit.framework; sourceTree = SDKROOT; };
		1957E47A168FFB1D00DC1824 /* LabMKAnnotation.h */ = {isa = PBXFileReference; fileEncoding = 4; lastKnownFileType = sourcecode.c.h; path = LabMKAnnotation.h; sourceTree = "<group>"; };
		1957E47B168FFB1D00DC1824 /* LabMKAnnotation.m */ = {isa = PBXFileReference; fileEncoding = 4; lastKnownFileType = sourcecode.c.objc; path = LabMKAnnotation.m; sourceTree = "<group>"; };
		1957E47D169011E300DC1824 /* CoreLocation.framework */ = {isa = PBXFileReference; lastKnownFileType = wrapper.framework; name = CoreLocation.framework; path = System/Library/Frameworks/CoreLocation.framework; sourceTree = SDKROOT; };
		1959BA85166F1ED800C79F98 /* EWS.app */ = {isa = PBXFileReference; explicitFileType = wrapper.application; includeInIndex = 0; path = EWS.app; sourceTree = BUILT_PRODUCTS_DIR; };
		1959BA89166F1ED800C79F98 /* UIKit.framework */ = {isa = PBXFileReference; lastKnownFileType = wrapper.framework; name = UIKit.framework; path = System/Library/Frameworks/UIKit.framework; sourceTree = SDKROOT; };
		1959BA8B166F1ED800C79F98 /* Foundation.framework */ = {isa = PBXFileReference; lastKnownFileType = wrapper.framework; name = Foundation.framework; path = System/Library/Frameworks/Foundation.framework; sourceTree = SDKROOT; };
		1959BA8D166F1ED800C79F98 /* CoreGraphics.framework */ = {isa = PBXFileReference; lastKnownFileType = wrapper.framework; name = CoreGraphics.framework; path = System/Library/Frameworks/CoreGraphics.framework; sourceTree = SDKROOT; };
		1959BA91166F1ED800C79F98 /* EWS-Info.plist */ = {isa = PBXFileReference; lastKnownFileType = text.plist.xml; path = "EWS-Info.plist"; sourceTree = "<group>"; };
		1959BA93166F1ED800C79F98 /* en */ = {isa = PBXFileReference; lastKnownFileType = text.plist.strings; name = en; path = en.lproj/InfoPlist.strings; sourceTree = "<group>"; };
		1959BA95166F1ED800C79F98 /* main.m */ = {isa = PBXFileReference; lastKnownFileType = sourcecode.c.objc; path = main.m; sourceTree = "<group>"; };
		1959BA97166F1ED800C79F98 /* EWS-Prefix.pch */ = {isa = PBXFileReference; lastKnownFileType = sourcecode.c.h; path = "EWS-Prefix.pch"; sourceTree = "<group>"; };
		1959BA98166F1ED800C79F98 /* EWSAppDelegate.h */ = {isa = PBXFileReference; lastKnownFileType = sourcecode.c.h; path = EWSAppDelegate.h; sourceTree = "<group>"; };
		1959BA99166F1ED800C79F98 /* EWSAppDelegate.m */ = {isa = PBXFileReference; lastKnownFileType = sourcecode.c.objc; path = EWSAppDelegate.m; sourceTree = "<group>"; };
		1959BA9B166F1ED800C79F98 /* Default.png */ = {isa = PBXFileReference; lastKnownFileType = image.png; path = Default.png; sourceTree = "<group>"; };
		1959BA9D166F1ED800C79F98 /* Default@2x.png */ = {isa = PBXFileReference; lastKnownFileType = image.png; path = "Default@2x.png"; sourceTree = "<group>"; };
		1959BA9F166F1ED900C79F98 /* Default-568h@2x.png */ = {isa = PBXFileReference; lastKnownFileType = image.png; path = "Default-568h@2x.png"; sourceTree = "<group>"; };
		1959BAA8166F1F0D00C79F98 /* MainStoryboard.storyboard */ = {isa = PBXFileReference; fileEncoding = 4; lastKnownFileType = file.storyboard; name = MainStoryboard.storyboard; path = ../MainStoryboard.storyboard; sourceTree = "<group>"; };
		1959BAAE166F1FF600C79F98 /* EWSViewController.h */ = {isa = PBXFileReference; fileEncoding = 4; lastKnownFileType = sourcecode.c.h; path = EWSViewController.h; sourceTree = "<group>"; };
		1959BAAF166F1FF600C79F98 /* EWSViewController.m */ = {isa = PBXFileReference; fileEncoding = 4; lastKnownFileType = sourcecode.c.objc; path = EWSViewController.m; sourceTree = "<group>"; };
		196EA91216921F2500D19A86 /* detail_tux@2x.png */ = {isa = PBXFileReference; lastKnownFileType = image.png; path = "detail_tux@2x.png"; sourceTree = "<group>"; };
		196EA9141692209400D19A86 /* dual_screen_icon.png */ = {isa = PBXFileReference; lastKnownFileType = image.png; path = dual_screen_icon.png; sourceTree = "<group>"; };
		19A06C2016A5E6BE00C63A04 /* EWSCustomLocalNotification.h */ = {isa = PBXFileReference; fileEncoding = 4; lastKnownFileType = sourcecode.c.h; name = EWSCustomLocalNotification.h; path = EWS/EWSCustomLocalNotification.h; sourceTree = SOURCE_ROOT; };
		19A06C2116A5E6BE00C63A04 /* EWSCustomLocalNotification.m */ = {isa = PBXFileReference; fileEncoding = 4; lastKnownFileType = sourcecode.c.objc; name = EWSCustomLocalNotification.m; path = EWS/EWSCustomLocalNotification.m; sourceTree = SOURCE_ROOT; };
		19CDED3316A6046700824A18 /* LocalNotificationTicket.h */ = {isa = PBXFileReference; fileEncoding = 4; lastKnownFileType = sourcecode.c.h; path = LocalNotificationTicket.h; sourceTree = "<group>"; };
		19CDED3416A6046700824A18 /* LocalNotificationTicket.m */ = {isa = PBXFileReference; fileEncoding = 4; lastKnownFileType = sourcecode.c.objc; path = LocalNotificationTicket.m; sourceTree = "<group>"; };
		19EC82AC167270C800BB6C77 /* QuartzCore.framework */ = {isa = PBXFileReference; lastKnownFileType = wrapper.framework; name = QuartzCore.framework; path = System/Library/Frameworks/QuartzCore.framework; sourceTree = SDKROOT; };
		19EEAAC6167B1A2B000E4F6D /* EWSCustomCell.h */ = {isa = PBXFileReference; fileEncoding = 4; lastKnownFileType = sourcecode.c.h; path = EWSCustomCell.h; sourceTree = "<group>"; };
		19EEAAC7167B1A2B000E4F6D /* EWSCustomCell.m */ = {isa = PBXFileReference; fileEncoding = 4; lastKnownFileType = sourcecode.c.objc; path = EWSCustomCell.m; sourceTree = "<group>"; };
		19EFA374169A047300D1309D /* ASIAuthenticationDialog.h */ = {isa = PBXFileReference; fileEncoding = 4; lastKnownFileType = sourcecode.c.h; name = ASIAuthenticationDialog.h; path = "asi-http-request/Classes/ASIAuthenticationDialog.h"; sourceTree = "<group>"; };
		19EFA375169A047300D1309D /* ASIAuthenticationDialog.m */ = {isa = PBXFileReference; fileEncoding = 4; lastKnownFileType = sourcecode.c.objc; name = ASIAuthenticationDialog.m; path = "asi-http-request/Classes/ASIAuthenticationDialog.m"; sourceTree = "<group>"; };
		19EFA376169A047300D1309D /* ASICacheDelegate.h */ = {isa = PBXFileReference; fileEncoding = 4; lastKnownFileType = sourcecode.c.h; name = ASICacheDelegate.h; path = "asi-http-request/Classes/ASICacheDelegate.h"; sourceTree = "<group>"; };
		19EFA377169A047300D1309D /* ASIDataCompressor.h */ = {isa = PBXFileReference; fileEncoding = 4; lastKnownFileType = sourcecode.c.h; name = ASIDataCompressor.h; path = "asi-http-request/Classes/ASIDataCompressor.h"; sourceTree = "<group>"; };
		19EFA378169A047300D1309D /* ASIDataCompressor.m */ = {isa = PBXFileReference; fileEncoding = 4; lastKnownFileType = sourcecode.c.objc; name = ASIDataCompressor.m; path = "asi-http-request/Classes/ASIDataCompressor.m"; sourceTree = "<group>"; };
		19EFA379169A047300D1309D /* ASIDataDecompressor.h */ = {isa = PBXFileReference; fileEncoding = 4; lastKnownFileType = sourcecode.c.h; name = ASIDataDecompressor.h; path = "asi-http-request/Classes/ASIDataDecompressor.h"; sourceTree = "<group>"; };
		19EFA37A169A047300D1309D /* ASIDataDecompressor.m */ = {isa = PBXFileReference; fileEncoding = 4; lastKnownFileType = sourcecode.c.objc; name = ASIDataDecompressor.m; path = "asi-http-request/Classes/ASIDataDecompressor.m"; sourceTree = "<group>"; };
		19EFA37B169A047300D1309D /* ASIDownloadCache.h */ = {isa = PBXFileReference; fileEncoding = 4; lastKnownFileType = sourcecode.c.h; name = ASIDownloadCache.h; path = "asi-http-request/Classes/ASIDownloadCache.h"; sourceTree = "<group>"; };
		19EFA37C169A047300D1309D /* ASIDownloadCache.m */ = {isa = PBXFileReference; fileEncoding = 4; lastKnownFileType = sourcecode.c.objc; name = ASIDownloadCache.m; path = "asi-http-request/Classes/ASIDownloadCache.m"; sourceTree = "<group>"; };
		19EFA37D169A047300D1309D /* ASIFormDataRequest.h */ = {isa = PBXFileReference; fileEncoding = 4; lastKnownFileType = sourcecode.c.h; name = ASIFormDataRequest.h; path = "asi-http-request/Classes/ASIFormDataRequest.h"; sourceTree = "<group>"; };
		19EFA37E169A047300D1309D /* ASIFormDataRequest.m */ = {isa = PBXFileReference; fileEncoding = 4; lastKnownFileType = sourcecode.c.objc; name = ASIFormDataRequest.m; path = "asi-http-request/Classes/ASIFormDataRequest.m"; sourceTree = "<group>"; };
		19EFA37F169A047300D1309D /* ASIHTTPRequest.h */ = {isa = PBXFileReference; fileEncoding = 4; lastKnownFileType = sourcecode.c.h; name = ASIHTTPRequest.h; path = "asi-http-request/Classes/ASIHTTPRequest.h"; sourceTree = "<group>"; };
		19EFA380169A047300D1309D /* ASIHTTPRequest.m */ = {isa = PBXFileReference; fileEncoding = 4; lastKnownFileType = sourcecode.c.objc; name = ASIHTTPRequest.m; path = "asi-http-request/Classes/ASIHTTPRequest.m"; sourceTree = "<group>"; };
		19EFA381169A047300D1309D /* ASIHTTPRequestConfig.h */ = {isa = PBXFileReference; fileEncoding = 4; lastKnownFileType = sourcecode.c.h; name = ASIHTTPRequestConfig.h; path = "asi-http-request/Classes/ASIHTTPRequestConfig.h"; sourceTree = "<group>"; };
		19EFA382169A047300D1309D /* ASIHTTPRequestDelegate.h */ = {isa = PBXFileReference; fileEncoding = 4; lastKnownFileType = sourcecode.c.h; name = ASIHTTPRequestDelegate.h; path = "asi-http-request/Classes/ASIHTTPRequestDelegate.h"; sourceTree = "<group>"; };
		19EFA383169A047300D1309D /* ASIInputStream.h */ = {isa = PBXFileReference; fileEncoding = 4; lastKnownFileType = sourcecode.c.h; name = ASIInputStream.h; path = "asi-http-request/Classes/ASIInputStream.h"; sourceTree = "<group>"; };
		19EFA384169A047300D1309D /* ASIInputStream.m */ = {isa = PBXFileReference; fileEncoding = 4; lastKnownFileType = sourcecode.c.objc; name = ASIInputStream.m; path = "asi-http-request/Classes/ASIInputStream.m"; sourceTree = "<group>"; };
		19EFA385169A047300D1309D /* ASINetworkQueue.h */ = {isa = PBXFileReference; fileEncoding = 4; lastKnownFileType = sourcecode.c.h; name = ASINetworkQueue.h; path = "asi-http-request/Classes/ASINetworkQueue.h"; sourceTree = "<group>"; };
		19EFA386169A047300D1309D /* ASINetworkQueue.m */ = {isa = PBXFileReference; fileEncoding = 4; lastKnownFileType = sourcecode.c.objc; name = ASINetworkQueue.m; path = "asi-http-request/Classes/ASINetworkQueue.m"; sourceTree = "<group>"; };
		19EFA387169A047300D1309D /* ASIProgressDelegate.h */ = {isa = PBXFileReference; fileEncoding = 4; lastKnownFileType = sourcecode.c.h; name = ASIProgressDelegate.h; path = "asi-http-request/Classes/ASIProgressDelegate.h"; sourceTree = "<group>"; };
		19EFA391169A04C900D1309D /* Reachability.h */ = {isa = PBXFileReference; fileEncoding = 4; lastKnownFileType = sourcecode.c.h; name = Reachability.h; path = "asi-http-request/External/Reachability/Reachability.h"; sourceTree = "<group>"; };
		19EFA392169A04C900D1309D /* Reachability.m */ = {isa = PBXFileReference; fileEncoding = 4; lastKnownFileType = sourcecode.c.objc; name = Reachability.m; path = "asi-http-request/External/Reachability/Reachability.m"; sourceTree = "<group>"; };
		19EFA394169A05A700D1309D /* CFNetwork.framework */ = {isa = PBXFileReference; lastKnownFileType = wrapper.framework; name = CFNetwork.framework; path = System/Library/Frameworks/CFNetwork.framework; sourceTree = SDKROOT; };
		19EFA396169A05DB00D1309D /* SystemConfiguration.framework */ = {isa = PBXFileReference; lastKnownFileType = wrapper.framework; name = SystemConfiguration.framework; path = System/Library/Frameworks/SystemConfiguration.framework; sourceTree = SDKROOT; };
		19EFA398169A05E500D1309D /* libz.dylib */ = {isa = PBXFileReference; lastKnownFileType = "compiled.mach-o.dylib"; name = libz.dylib; path = usr/lib/libz.dylib; sourceTree = SDKROOT; };
		19EFA39A169A05ED00D1309D /* MobileCoreServices.framework */ = {isa = PBXFileReference; lastKnownFileType = wrapper.framework; name = MobileCoreServices.framework; path = System/Library/Frameworks/MobileCoreServices.framework; sourceTree = SDKROOT; };
		19EFA39D169A08D600D1309D /* MBProgressHUD.h */ = {isa = PBXFileReference; fileEncoding = 4; lastKnownFileType = sourcecode.c.h; name = MBProgressHUD.h; path = ../../Libraries/MBProgressHUD/MBProgressHUD.h; sourceTree = "<group>"; };
		19EFA39E169A08D600D1309D /* MBProgressHUD.m */ = {isa = PBXFileReference; fileEncoding = 4; lastKnownFileType = sourcecode.c.objc; name = MBProgressHUD.m; path = ../../Libraries/MBProgressHUD/MBProgressHUD.m; sourceTree = "<group>"; };
		19F43BF716BE248700C33CDE /* paper_fibers_@2X.png */ = {isa = PBXFileReference; lastKnownFileType = image.png; name = "paper_fibers_@2X.png"; path = "/Users/jaychae/Developers/iOS/EWS/EWS/paper_fibers_@2X.png"; sourceTree = "<absolute>"; };
		19F43BF816BE248700C33CDE /* paper_fibers.png */ = {isa = PBXFileReference; lastKnownFileType = image.png; name = paper_fibers.png; path = /Users/jaychae/Developers/iOS/EWS/EWS/paper_fibers.png; sourceTree = "<absolute>"; };
		19F43BFB16BE476600C33CDE /* solid_@2X.png */ = {isa = PBXFileReference; lastKnownFileType = image.png; path = "solid_@2X.png"; sourceTree = "<group>"; };
		19F43BFC16BE476600C33CDE /* solid.png */ = {isa = PBXFileReference; lastKnownFileType = image.png; path = solid.png; sourceTree = "<group>"; };
		19F86A74168B6380009B1B30 /* lab_info.plist */ = {isa = PBXFileReference; fileEncoding = 4; lastKnownFileType = text.plist.xml; path = lab_info.plist; sourceTree = "<group>"; };
/* End PBXFileReference section */

/* Begin PBXFrameworksBuildPhase section */
		1959BA82166F1ED800C79F98 /* Frameworks */ = {
			isa = PBXFrameworksBuildPhase;
			buildActionMask = 2147483647;
			files = (
				19EFA39B169A05ED00D1309D /* MobileCoreServices.framework in Frameworks */,
				19EFA399169A05E500D1309D /* libz.dylib in Frameworks */,
				19EFA397169A05DB00D1309D /* SystemConfiguration.framework in Frameworks */,
				1959BA8E166F1ED800C79F98 /* CoreGraphics.framework in Frameworks */,
				19EFA395169A05A700D1309D /* CFNetwork.framework in Frameworks */,
				1957E47E169011E300DC1824 /* CoreLocation.framework in Frameworks */,
				1957E479168FE3E300DC1824 /* MapKit.framework in Frameworks */,
				19EC82AD167270C800BB6C77 /* QuartzCore.framework in Frameworks */,
				1959BA8A166F1ED800C79F98 /* UIKit.framework in Frameworks */,
				1959BA8C166F1ED800C79F98 /* Foundation.framework in Frameworks */,
			);
			runOnlyForDeploymentPostprocessing = 0;
		};
/* End PBXFrameworksBuildPhase section */

/* Begin PBXGroup section */
		190AC53716A7230A0034BC88 /* Controlleres */ = {
			isa = PBXGroup;
			children = (
				190E9952166FF05B006FDF0D /* EWSDataController.h */,
				190E9953166FF05B006FDF0D /* EWSDataController.m */,
				190AC53316A723030034BC88 /* TicketController.h */,
				190AC53416A723030034BC88 /* TicketController.m */,
			);
			name = Controlleres;
			sourceTree = "<group>";
		};
		190AC53816A723100034BC88 /* ViewController */ = {
			isa = PBXGroup;
			children = (
				19176DB716A5314400423E48 /* NotificationViewController.h */,
				19176DB816A5314400423E48 /* NotificationViewController.m */,
				1957E474168FDE4B00DC1824 /* EWSLabDetailViewController.h */,
				1957E475168FDE4B00DC1824 /* EWSLabDetailViewController.m */,
				192B3F451690E0BA00E70BAC /* EWSDetailLabMapViewController.h */,
				192B3F461690E0BA00E70BAC /* EWSDetailLabMapViewController.m */,
				1959BAAE166F1FF600C79F98 /* EWSViewController.h */,
				1959BAAF166F1FF600C79F98 /* EWSViewController.m */,
			);
			name = ViewController;
			sourceTree = "<group>";
		};
		190C8346169B86D000281B59 /* Views */ = {
			isa = PBXGroup;
			children = (
				19EEAAC6167B1A2B000E4F6D /* EWSCustomCell.h */,
				19EEAAC7167B1A2B000E4F6D /* EWSCustomCell.m */,
			);
			name = Views;
			sourceTree = "<group>";
		};
		190E99751670099E006FDF0D /* JSON */ = {
			isa = PBXGroup;
			children = (
				190E9976167009D6006FDF0D /* NSObject+SBJson.h */,
				190E9977167009D6006FDF0D /* NSObject+SBJson.m */,
				190E9978167009D6006FDF0D /* SBJson.h */,
				190E9979167009D6006FDF0D /* SBJsonParser.h */,
				190E997A167009D6006FDF0D /* SBJsonParser.m */,
				190E997B167009D6006FDF0D /* SBJsonStreamParser.h */,
				190E997C167009D6006FDF0D /* SBJsonStreamParser.m */,
				190E997D167009D6006FDF0D /* SBJsonStreamParserAccumulator.h */,
				190E997E167009D6006FDF0D /* SBJsonStreamParserAccumulator.m */,
				190E997F167009D6006FDF0D /* SBJsonStreamParserAdapter.h */,
				190E9980167009D6006FDF0D /* SBJsonStreamParserAdapter.m */,
				190E9981167009D6006FDF0D /* SBJsonStreamParserState.h */,
				190E9982167009D6006FDF0D /* SBJsonStreamParserState.m */,
				190E9983167009D6006FDF0D /* SBJsonStreamWriter.h */,
				190E9984167009D6006FDF0D /* SBJsonStreamWriter.m */,
				190E9985167009D6006FDF0D /* SBJsonStreamWriterAccumulator.h */,
				190E9986167009D6006FDF0D /* SBJsonStreamWriterAccumulator.m */,
				190E9987167009D6006FDF0D /* SBJsonStreamWriterState.h */,
				190E9988167009D6006FDF0D /* SBJsonStreamWriterState.m */,
				190E9989167009D6006FDF0D /* SBJsonTokeniser.h */,
				190E998A167009D6006FDF0D /* SBJsonTokeniser.m */,
				190E998B167009D6006FDF0D /* SBJsonUTF8Stream.h */,
				190E998C167009D6006FDF0D /* SBJsonUTF8Stream.m */,
				190E998D167009D6006FDF0D /* SBJsonWriter.h */,
				190E998E167009D6006FDF0D /* SBJsonWriter.m */,
			);
			name = JSON;
			sourceTree = "<group>";
		};
		19176DB616A52CFA00423E48 /* External */ = {
			isa = PBXGroup;
			children = (
				1918F67116AF5D8600D1B52B /* PullToRefresh */,
				19EFA39C169A08C100D1309D /* MBProgress */,
				19EFA390169A047700D1309D /* ASIHTTPRequest */,
				190E99751670099E006FDF0D /* JSON */,
			);
			name = External;
			sourceTree = "<group>";
		};
		1918F67116AF5D8600D1B52B /* PullToRefresh */ = {
			isa = PBXGroup;
			children = (
				193D0AD21681AA0200C6B428 /* PullRefreshTableViewController.h */,
				193D0AD31681AA0200C6B428 /* PullRefreshTableViewController.m */,
			);
			name = PullToRefresh;
			sourceTree = "<group>";
		};
		1959BA7A166F1ED800C79F98 = {
			isa = PBXGroup;
			children = (
				1959BA8F166F1ED800C79F98 /* EWS */,
				1959BA88166F1ED800C79F98 /* Frameworks */,
				1959BA86166F1ED800C79F98 /* Products */,
			);
			sourceTree = "<group>";
		};
		1959BA86166F1ED800C79F98 /* Products */ = {
			isa = PBXGroup;
			children = (
				1959BA85166F1ED800C79F98 /* EWS.app */,
			);
			name = Products;
			sourceTree = "<group>";
		};
		1959BA88166F1ED800C79F98 /* Frameworks */ = {
			isa = PBXGroup;
			children = (
				19EFA39A169A05ED00D1309D /* MobileCoreServices.framework */,
				19EFA398169A05E500D1309D /* libz.dylib */,
				19EFA396169A05DB00D1309D /* SystemConfiguration.framework */,
				19EFA394169A05A700D1309D /* CFNetwork.framework */,
				1957E47D169011E300DC1824 /* CoreLocation.framework */,
				1957E478168FE3E300DC1824 /* MapKit.framework */,
				19EC82AC167270C800BB6C77 /* QuartzCore.framework */,
				1959BA89166F1ED800C79F98 /* UIKit.framework */,
				1959BA8B166F1ED800C79F98 /* Foundation.framework */,
				1959BA8D166F1ED800C79F98 /* CoreGraphics.framework */,
			);
			name = Frameworks;
			sourceTree = "<group>";
		};
		1959BA8F166F1ED800C79F98 /* EWS */ = {
			isa = PBXGroup;
			children = (
				190AC53816A723100034BC88 /* ViewController */,
				190AC53716A7230A0034BC88 /* Controlleres */,
				19176DB616A52CFA00423E48 /* External */,
				190C8346169B86D000281B59 /* Views */,
				19EFA3A0169A0A8800D1309D /* Model */,
				1959BAA8166F1F0D00C79F98 /* MainStoryboard.storyboard */,
				1959BA98166F1ED800C79F98 /* EWSAppDelegate.h */,
				1959BA99166F1ED800C79F98 /* EWSAppDelegate.m */,
				19F86A74168B6380009B1B30 /* lab_info.plist */,
				1959BA90166F1ED800C79F98 /* Supporting Files */,
			);
			path = EWS;
			sourceTree = "<group>";
		};
		1959BA90166F1ED800C79F98 /* Supporting Files */ = {
			isa = PBXGroup;
			children = (
				19F43BF716BE248700C33CDE /* paper_fibers_@2X.png */,
				19F43BFB16BE476600C33CDE /* solid_@2X.png */,
				19F43BFC16BE476600C33CDE /* solid.png */,
				19F43BF816BE248700C33CDE /* paper_fibers.png */,
				1918F66E16AF25E400D1B52B /* arrow.png */,
				196EA9141692209400D19A86 /* dual_screen_icon.png */,
				196EA91216921F2500D19A86 /* detail_tux@2x.png */,
				1959BA91166F1ED800C79F98 /* EWS-Info.plist */,
				1959BA92166F1ED800C79F98 /* InfoPlist.strings */,
				1959BA95166F1ED800C79F98 /* main.m */,
				1959BA97166F1ED800C79F98 /* EWS-Prefix.pch */,
				1959BA9B166F1ED800C79F98 /* Default.png */,
				1959BA9D166F1ED800C79F98 /* Default@2x.png */,
				1959BA9F166F1ED900C79F98 /* Default-568h@2x.png */,
			);
			name = "Supporting Files";
			sourceTree = "<group>";
		};
		19EFA390169A047700D1309D /* ASIHTTPRequest */ = {
			isa = PBXGroup;
			children = (
				19EFA391169A04C900D1309D /* Reachability.h */,
				19EFA392169A04C900D1309D /* Reachability.m */,
				19EFA374169A047300D1309D /* ASIAuthenticationDialog.h */,
				19EFA375169A047300D1309D /* ASIAuthenticationDialog.m */,
				19EFA376169A047300D1309D /* ASICacheDelegate.h */,
				19EFA377169A047300D1309D /* ASIDataCompressor.h */,
				19EFA378169A047300D1309D /* ASIDataCompressor.m */,
				19EFA379169A047300D1309D /* ASIDataDecompressor.h */,
				19EFA37A169A047300D1309D /* ASIDataDecompressor.m */,
				19EFA37B169A047300D1309D /* ASIDownloadCache.h */,
				19EFA37C169A047300D1309D /* ASIDownloadCache.m */,
				19EFA37D169A047300D1309D /* ASIFormDataRequest.h */,
				19EFA37E169A047300D1309D /* ASIFormDataRequest.m */,
				19EFA37F169A047300D1309D /* ASIHTTPRequest.h */,
				19EFA380169A047300D1309D /* ASIHTTPRequest.m */,
				19EFA381169A047300D1309D /* ASIHTTPRequestConfig.h */,
				19EFA382169A047300D1309D /* ASIHTTPRequestDelegate.h */,
				19EFA383169A047300D1309D /* ASIInputStream.h */,
				19EFA384169A047300D1309D /* ASIInputStream.m */,
				19EFA385169A047300D1309D /* ASINetworkQueue.h */,
				19EFA386169A047300D1309D /* ASINetworkQueue.m */,
				19EFA387169A047300D1309D /* ASIProgressDelegate.h */,
			);
			name = ASIHTTPRequest;
			sourceTree = "<group>";
		};
		19EFA39C169A08C100D1309D /* MBProgress */ = {
			isa = PBXGroup;
			children = (
				19EFA39D169A08D600D1309D /* MBProgressHUD.h */,
				19EFA39E169A08D600D1309D /* MBProgressHUD.m */,
			);
			name = MBProgress;
			sourceTree = "<group>";
		};
		19EFA3A0169A0A8800D1309D /* Model */ = {
			isa = PBXGroup;
			children = (
				19CDED3316A6046700824A18 /* LocalNotificationTicket.h */,
				19CDED3416A6046700824A18 /* LocalNotificationTicket.m */,
				19A06C2016A5E6BE00C63A04 /* EWSCustomLocalNotification.h */,
				19A06C2116A5E6BE00C63A04 /* EWSCustomLocalNotification.m */,
				1957E47A168FFB1D00DC1824 /* LabMKAnnotation.h */,
				1957E47B168FFB1D00DC1824 /* LabMKAnnotation.m */,
				190E995E166FF5E7006FDF0D /* Lab.h */,
				190E995F166FF5E7006FDF0D /* Lab.m */,
			);
			name = Model;
			sourceTree = "<group>";
		};
/* End PBXGroup section */

/* Begin PBXNativeTarget section */
		1959BA84166F1ED800C79F98 /* EWS */ = {
			isa = PBXNativeTarget;
			buildConfigurationList = 1959BAA3166F1ED900C79F98 /* Build configuration list for PBXNativeTarget "EWS" */;
			buildPhases = (
				1959BA81166F1ED800C79F98 /* Sources */,
				1959BA82166F1ED800C79F98 /* Frameworks */,
				1959BA83166F1ED800C79F98 /* Resources */,
			);
			buildRules = (
			);
			dependencies = (
			);
			name = EWS;
			productName = EWS;
			productReference = 1959BA85166F1ED800C79F98 /* EWS.app */;
			productType = "com.apple.product-type.application";
		};
/* End PBXNativeTarget section */

/* Begin PBXProject section */
		1959BA7C166F1ED800C79F98 /* Project object */ = {
			isa = PBXProject;
			attributes = {
				CLASSPREFIX = EWS;
				LastUpgradeCheck = 0450;
				ORGANIZATIONNAME = com.chaebacca;
			};
			buildConfigurationList = 1959BA7F166F1ED800C79F98 /* Build configuration list for PBXProject "EWS" */;
			compatibilityVersion = "Xcode 3.2";
			developmentRegion = English;
			hasScannedForEncodings = 0;
			knownRegions = (
				en,
				English,
			);
			mainGroup = 1959BA7A166F1ED800C79F98;
			productRefGroup = 1959BA86166F1ED800C79F98 /* Products */;
			projectDirPath = "";
			projectRoot = "";
			targets = (
				1959BA84166F1ED800C79F98 /* EWS */,
			);
		};
/* End PBXProject section */

/* Begin PBXResourcesBuildPhase section */
		1959BA83166F1ED800C79F98 /* Resources */ = {
			isa = PBXResourcesBuildPhase;
			buildActionMask = 2147483647;
			files = (
				1959BA94166F1ED800C79F98 /* InfoPlist.strings in Resources */,
				1959BA9C166F1ED800C79F98 /* Default.png in Resources */,
				1959BA9E166F1ED800C79F98 /* Default@2x.png in Resources */,
				1959BAA0166F1ED900C79F98 /* Default-568h@2x.png in Resources */,
				1959BAA9166F1F0D00C79F98 /* MainStoryboard.storyboard in Resources */,
				19F86A75168B6380009B1B30 /* lab_info.plist in Resources */,
				196EA91316921F2500D19A86 /* detail_tux@2x.png in Resources */,
				196EA9151692209400D19A86 /* dual_screen_icon.png in Resources */,
				1918F66F16AF25E400D1B52B /* arrow.png in Resources */,
				19F43BF916BE248700C33CDE /* paper_fibers_@2X.png in Resources */,
				19F43BFA16BE248700C33CDE /* paper_fibers.png in Resources */,
				19F43BFD16BE476600C33CDE /* solid_@2X.png in Resources */,
				19F43BFE16BE476600C33CDE /* solid.png in Resources */,
			);
			runOnlyForDeploymentPostprocessing = 0;
		};
/* End PBXResourcesBuildPhase section */

/* Begin PBXSourcesBuildPhase section */
		1959BA81166F1ED800C79F98 /* Sources */ = {
			isa = PBXSourcesBuildPhase;
			buildActionMask = 2147483647;
			files = (
				1959BA96166F1ED800C79F98 /* main.m in Sources */,
				1959BA9A166F1ED800C79F98 /* EWSAppDelegate.m in Sources */,
				1959BAB0166F1FF600C79F98 /* EWSViewController.m in Sources */,
				190E9954166FF05B006FDF0D /* EWSDataController.m in Sources */,
				190E9960166FF5E7006FDF0D /* Lab.m in Sources */,
				190E998F167009D6006FDF0D /* NSObject+SBJson.m in Sources */,
				190E9990167009D6006FDF0D /* SBJsonParser.m in Sources */,
				190E9991167009D6006FDF0D /* SBJsonStreamParser.m in Sources */,
				190E9992167009D6006FDF0D /* SBJsonStreamParserAccumulator.m in Sources */,
				190E9993167009D6006FDF0D /* SBJsonStreamParserAdapter.m in Sources */,
				190E9994167009D6006FDF0D /* SBJsonStreamParserState.m in Sources */,
				190E9995167009D6006FDF0D /* SBJsonStreamWriter.m in Sources */,
				190E9996167009D6006FDF0D /* SBJsonStreamWriterAccumulator.m in Sources */,
				190E9997167009D6006FDF0D /* SBJsonStreamWriterState.m in Sources */,
				190E9998167009D6006FDF0D /* SBJsonTokeniser.m in Sources */,
				190E9999167009D6006FDF0D /* SBJsonUTF8Stream.m in Sources */,
				190E999A167009D6006FDF0D /* SBJsonWriter.m in Sources */,
				19EEAAC8167B1A2B000E4F6D /* EWSCustomCell.m in Sources */,
				193D0AD41681AA0200C6B428 /* PullRefreshTableViewController.m in Sources */,
				1957E476168FDE4B00DC1824 /* EWSLabDetailViewController.m in Sources */,
				1957E47C168FFB1D00DC1824 /* LabMKAnnotation.m in Sources */,
				192B3F471690E0BA00E70BAC /* EWSDetailLabMapViewController.m in Sources */,
				19EFA388169A047300D1309D /* ASIAuthenticationDialog.m in Sources */,
				19EFA389169A047300D1309D /* ASIDataCompressor.m in Sources */,
				19EFA38A169A047300D1309D /* ASIDataDecompressor.m in Sources */,
				19EFA38B169A047300D1309D /* ASIDownloadCache.m in Sources */,
				19EFA38C169A047300D1309D /* ASIFormDataRequest.m in Sources */,
				19EFA38D169A047300D1309D /* ASIHTTPRequest.m in Sources */,
				19EFA38E169A047300D1309D /* ASIInputStream.m in Sources */,
				19EFA38F169A047300D1309D /* ASINetworkQueue.m in Sources */,
				19EFA393169A04C900D1309D /* Reachability.m in Sources */,
				19EFA39F169A08D600D1309D /* MBProgressHUD.m in Sources */,
				19176DB916A5314400423E48 /* NotificationViewController.m in Sources */,
				19A06C2216A5E6BE00C63A04 /* EWSCustomLocalNotification.m in Sources */,
				19CDED3516A6046700824A18 /* LocalNotificationTicket.m in Sources */,
				190AC53516A723030034BC88 /* TicketController.m in Sources */,
			);
			runOnlyForDeploymentPostprocessing = 0;
		};
/* End PBXSourcesBuildPhase section */

/* Begin PBXVariantGroup section */
		1959BA92166F1ED800C79F98 /* InfoPlist.strings */ = {
			isa = PBXVariantGroup;
			children = (
				1959BA93166F1ED800C79F98 /* en */,
			);
			name = InfoPlist.strings;
			sourceTree = "<group>";
		};
/* End PBXVariantGroup section */

/* Begin XCBuildConfiguration section */
		193E952A168EB15300D68246 /* Ad Hoc */ = {
			isa = XCBuildConfiguration;
			buildSettings = {
				ALWAYS_SEARCH_USER_PATHS = NO;
				CLANG_CXX_LANGUAGE_STANDARD = "gnu++0x";
				CLANG_CXX_LIBRARY = "libc++";
				CLANG_ENABLE_OBJC_ARC = YES;
				CLANG_WARN_EMPTY_BODY = YES;
				CLANG_WARN__DUPLICATE_METHOD_MATCH = YES;
				"CODE_SIGN_IDENTITY[sdk=iphoneos*]" = "iPhone Developer";
				COPY_PHASE_STRIP = YES;
				GCC_C_LANGUAGE_STANDARD = gnu99;
				GCC_WARN_ABOUT_RETURN_TYPE = YES;
				GCC_WARN_UNINITIALIZED_AUTOS = YES;
				GCC_WARN_UNUSED_VARIABLE = YES;
				IPHONEOS_DEPLOYMENT_TARGET = 6.0;
				OTHER_CFLAGS = "-DNS_BLOCK_ASSERTIONS=1";
				SDKROOT = iphoneos;
				VALIDATE_PRODUCT = YES;
			};
			name = "Ad Hoc";
		};
		193E952B168EB15300D68246 /* Ad Hoc */ = {
			isa = XCBuildConfiguration;
			buildSettings = {
				GCC_PRECOMPILE_PREFIX_HEADER = YES;
				GCC_PREFIX_HEADER = "EWS/EWS-Prefix.pch";
				HEADER_SEARCH_PATHS = "$(SDKROOT)/usr/include/libxml2";
				INFOPLIST_FILE = "EWS/EWS-Info.plist";
				PRODUCT_NAME = "$(TARGET_NAME)";
				WRAPPER_EXTENSION = app;
			};
			name = "Ad Hoc";
		};
		1959BAA1166F1ED900C79F98 /* Debug */ = {
			isa = XCBuildConfiguration;
			buildSettings = {
				ALWAYS_SEARCH_USER_PATHS = NO;
				CLANG_CXX_LANGUAGE_STANDARD = "gnu++0x";
				CLANG_CXX_LIBRARY = "libc++";
				CLANG_ENABLE_OBJC_ARC = YES;
				CLANG_WARN_EMPTY_BODY = YES;
				CLANG_WARN__DUPLICATE_METHOD_MATCH = YES;
				"CODE_SIGN_IDENTITY[sdk=iphoneos*]" = "iPhone Developer";
				COPY_PHASE_STRIP = NO;
				GCC_C_LANGUAGE_STANDARD = gnu99;
				GCC_DYNAMIC_NO_PIC = NO;
				GCC_OPTIMIZATION_LEVEL = 0;
				GCC_PREPROCESSOR_DEFINITIONS = (
					"DEBUG=1",
					"$(inherited)",
				);
				GCC_SYMBOLS_PRIVATE_EXTERN = NO;
				GCC_WARN_ABOUT_RETURN_TYPE = YES;
				GCC_WARN_UNINITIALIZED_AUTOS = YES;
				GCC_WARN_UNUSED_VARIABLE = YES;
				IPHONEOS_DEPLOYMENT_TARGET = 6.0;
				ONLY_ACTIVE_ARCH = YES;
				SDKROOT = iphoneos;
			};
			name = Debug;
		};
		1959BAA2166F1ED900C79F98 /* Release */ = {
			isa = XCBuildConfiguration;
			buildSettings = {
				ALWAYS_SEARCH_USER_PATHS = NO;
				CLANG_CXX_LANGUAGE_STANDARD = "gnu++0x";
				CLANG_CXX_LIBRARY = "libc++";
				CLANG_ENABLE_OBJC_ARC = YES;
				CLANG_WARN_EMPTY_BODY = YES;
				CLANG_WARN__DUPLICATE_METHOD_MATCH = YES;
				"CODE_SIGN_IDENTITY[sdk=iphoneos*]" = "iPhone Developer";
				COPY_PHASE_STRIP = YES;
				GCC_C_LANGUAGE_STANDARD = gnu99;
				GCC_WARN_ABOUT_RETURN_TYPE = YES;
				GCC_WARN_UNINITIALIZED_AUTOS = YES;
				GCC_WARN_UNUSED_VARIABLE = YES;
				IPHONEOS_DEPLOYMENT_TARGET = 6.0;
				OTHER_CFLAGS = "-DNS_BLOCK_ASSERTIONS=1";
				SDKROOT = iphoneos;
				VALIDATE_PRODUCT = YES;
			};
			name = Release;
		};
		1959BAA4166F1ED900C79F98 /* Debug */ = {
			isa = XCBuildConfiguration;
			buildSettings = {
				GCC_PRECOMPILE_PREFIX_HEADER = YES;
				GCC_PREFIX_HEADER = "EWS/EWS-Prefix.pch";
				HEADER_SEARCH_PATHS = "$(SDKROOT)/usr/include/libxml2";
				INFOPLIST_FILE = "EWS/EWS-Info.plist";
				PRODUCT_NAME = "$(TARGET_NAME)";
				WRAPPER_EXTENSION = app;
			};
			name = Debug;
		};
		1959BAA5166F1ED900C79F98 /* Release */ = {
			isa = XCBuildConfiguration;
			buildSettings = {
				GCC_PRECOMPILE_PREFIX_HEADER = YES;
				GCC_PREFIX_HEADER = "EWS/EWS-Prefix.pch";
				HEADER_SEARCH_PATHS = "$(SDKROOT)/usr/include/libxml2";
				INFOPLIST_FILE = "EWS/EWS-Info.plist";
				PRODUCT_NAME = "$(TARGET_NAME)";
				WRAPPER_EXTENSION = app;
			};
			name = Release;
		};
/* End XCBuildConfiguration section */

/* Begin XCConfigurationList section */
		1959BA7F166F1ED800C79F98 /* Build configuration list for PBXProject "EWS" */ = {
			isa = XCConfigurationList;
			buildConfigurations = (
				1959BAA1166F1ED900C79F98 /* Debug */,
				1959BAA2166F1ED900C79F98 /* Release */,
				193E952A168EB15300D68246 /* Ad Hoc */,
			);
			defaultConfigurationIsVisible = 0;
			defaultConfigurationName = Release;
		};
		1959BAA3166F1ED900C79F98 /* Build configuration list for PBXNativeTarget "EWS" */ = {
			isa = XCConfigurationList;
			buildConfigurations = (
				1959BAA4166F1ED900C79F98 /* Debug */,
				1959BAA5166F1ED900C79F98 /* Release */,
				193E952B168EB15300D68246 /* Ad Hoc */,
			);
			defaultConfigurationIsVisible = 0;
			defaultConfigurationName = Release;
		};
/* End XCConfigurationList section */
	};
	rootObject = 1959BA7C166F1ED800C79F98 /* Project object */;
}
